
Microsoft Visual Studio Solution File, Format Version 12.00
# Visual Studio 15
VisualStudioVersion = 15.0.28010.2019
MinimumVisualStudioVersion = 10.0.40219.1
Project("{FAE04EC0-301F-11D3-BF4B-00C04F79EFBC}") = "Cookie Clicker JS", "Cookie Clicker\Cookie Clicker JS.csproj", "{07F520AD-9B30-44B1-8FE0-C1F87D218820}"
EndProject
Project("{FAE04EC0-301F-11D3-BF4B-00C04F79EFBC}") = "Cookie Clicker TS", "WebApplication1\Cookie Clicker TS.csproj", "{2688DAC2-40B0-4405-950E-0ACAE53479C4}"
EndProject
Project("{FAE04EC0-301F-11D3-BF4B-00C04F79EFBC}") = "Cookie Clicker C#", "Cookie Clicker+C#\Cookie Clicker C#.csproj", "{99503754-0E1F-4139-934C-3A93890BEF9D}"
EndProject
Global
	GlobalSection(SolutionConfigurationPlatforms) = preSolution
		Debug|Any CPU = Debug|Any CPU
		Release|Any CPU = Release|Any CPU
	EndGlobalSection
	GlobalSection(ProjectConfigurationPlatforms) = postSolution
		{07F520AD-9B30-44B1-8FE0-C1F87D218820}.Debug|Any CPU.ActiveCfg = Debug|Any CPU
		{07F520AD-9B30-44B1-8FE0-C1F87D218820}.Debug|Any CPU.Build.0 = Debug|Any CPU
		{07F520AD-9B30-44B1-8FE0-C1F87D218820}.Release|Any CPU.ActiveCfg = Release|Any CPU
		{07F520AD-9B30-44B1-8FE0-C1F87D218820}.Release|Any CPU.Build.0 = Release|Any CPU
		{2688DAC2-40B0-4405-950E-0ACAE53479C4}.Debug|Any CPU.ActiveCfg = Debug|Any CPU
		{2688DAC2-40B0-4405-950E-0ACAE53479C4}.Debug|Any CPU.Build.0 = Debug|Any CPU
		{2688DAC2-40B0-4405-950E-0ACAE53479C4}.Release|Any CPU.ActiveCfg = Release|Any CPU
		{2688DAC2-40B0-4405-950E-0ACAE53479C4}.Release|Any CPU.Build.0 = Release|Any CPU
		{99503754-0E1F-4139-934C-3A93890BEF9D}.Debug|Any CPU.ActiveCfg = Debug|Any CPU
		{99503754-0E1F-4139-934C-3A93890BEF9D}.Debug|Any CPU.Build.0 = Debug|Any CPU
		{99503754-0E1F-4139-934C-3A93890BEF9D}.Release|Any CPU.ActiveCfg = Release|Any CPU
		{99503754-0E1F-4139-934C-3A93890BEF9D}.Release|Any CPU.Build.0 = Release|Any CPU
	EndGlobalSection
	GlobalSection(SolutionProperties) = preSolution
		HideSolutionNode = FALSE
	EndGlobalSection
	GlobalSection(ExtensibilityGlobals) = postSolution
		SolutionGuid = {E13D8127-BAF4-42CA-BACF-D2C5D375DB24}
	EndGlobalSection
EndGlobal
